
Microsoft Visual Studio Solution File, Format Version 12.00
# Visual Studio 14
VisualStudioVersion = 14.0.25420.1
MinimumVisualStudioVersion = 10.0.40219.1
Project("{FAE04EC0-301F-11D3-BF4B-00C04F79EFBC}") = "ConsignmentShopUI", "ConsignmentShopUI\ConsignmentShopUI.csproj", "{68512F4B-6C9B-4468-9930-B8D5418BD88F}"
EndProject
Project("{FAE04EC0-301F-11D3-BF4B-00C04F79EFBC}") = "ConsignmentShopLibrary", "ConsignmentShopLibrary\ConsignmentShopLibrary.csproj", "{AE85ECD4-6D73-41A9-B3FA-7505F68FCF07}"
EndProject
Global
	GlobalSection(SolutionConfigurationPlatforms) = preSolution
		Debug|Any CPU = Debug|Any CPU
		Release|Any CPU = Release|Any CPU
	EndGlobalSection
	GlobalSection(ProjectConfigurationPlatforms) = postSolution
		{68512F4B-6C9B-4468-9930-B8D5418BD88F}.Debug|Any CPU.ActiveCfg = Debug|Any CPU
		{68512F4B-6C9B-4468-9930-B8D5418BD88F}.Debug|Any CPU.Build.0 = Debug|Any CPU
		{68512F4B-6C9B-4468-9930-B8D5418BD88F}.Release|Any CPU.ActiveCfg = Release|Any CPU
		{68512F4B-6C9B-4468-9930-B8D5418BD88F}.Release|Any CPU.Build.0 = Release|Any CPU
		{AE85ECD4-6D73-41A9-B3FA-7505F68FCF07}.Debug|Any CPU.ActiveCfg = Debug|Any CPU
		{AE85ECD4-6D73-41A9-B3FA-7505F68FCF07}.Debug|Any CPU.Build.0 = Debug|Any CPU
		{AE85ECD4-6D73-41A9-B3FA-7505F68FCF07}.Release|Any CPU.ActiveCfg = Release|Any CPU
		{AE85ECD4-6D73-41A9-B3FA-7505F68FCF07}.Release|Any CPU.Build.0 = Release|Any CPU
	EndGlobalSection
	GlobalSection(SolutionProperties) = preSolution
		HideSolutionNode = FALSE
	EndGlobalSection
EndGlobal
